// !$*UTF8*$!
{
	archiveVersion = 1;
	classes = {
	};
	objectVersion = 46;
	objects = {

/* Begin PBXBuildFile section */
		1347DF0A16C13D160073A3A5 /* UIKit.framework in Frameworks */ = {isa = PBXBuildFile; fileRef = 1347DF0916C13D160073A3A5 /* UIKit.framework */; };
		1347DF0C16C13D160073A3A5 /* Foundation.framework in Frameworks */ = {isa = PBXBuildFile; fileRef = 1347DF0B16C13D160073A3A5 /* Foundation.framework */; };
		1347DF0E16C13D160073A3A5 /* CoreGraphics.framework in Frameworks */ = {isa = PBXBuildFile; fileRef = 1347DF0D16C13D160073A3A5 /* CoreGraphics.framework */; };
		1347DF1416C13D160073A3A5 /* InfoPlist.strings in Resources */ = {isa = PBXBuildFile; fileRef = 1347DF1216C13D160073A3A5 /* InfoPlist.strings */; };
		1347DF1616C13D160073A3A5 /* main.m in Sources */ = {isa = PBXBuildFile; fileRef = 1347DF1516C13D160073A3A5 /* main.m */; };
		1347DF1A16C13D160073A3A5 /* RIDAppDelegate.m in Sources */ = {isa = PBXBuildFile; fileRef = 1347DF1916C13D160073A3A5 /* RIDAppDelegate.m */; };
		1347DF1C16C13D170073A3A5 /* Default.png in Resources */ = {isa = PBXBuildFile; fileRef = 1347DF1B16C13D170073A3A5 /* Default.png */; };
		1347DF1E16C13D170073A3A5 /* Default@2x.png in Resources */ = {isa = PBXBuildFile; fileRef = 1347DF1D16C13D170073A3A5 /* Default@2x.png */; };
		1347DF2016C13D170073A3A5 /* Default-568h@2x.png in Resources */ = {isa = PBXBuildFile; fileRef = 1347DF1F16C13D170073A3A5 /* Default-568h@2x.png */; };
		1347DF2316C13D170073A3A5 /* RIDViewController.m in Sources */ = {isa = PBXBuildFile; fileRef = 1347DF2216C13D170073A3A5 /* RIDViewController.m */; };
		1347DF2616C13D170073A3A5 /* RIDViewController.xib in Resources */ = {isa = PBXBuildFile; fileRef = 1347DF2416C13D170073A3A5 /* RIDViewController.xib */; };
/* End PBXBuildFile section */

/* Begin PBXFileReference section */
		1347DF0516C13D160073A3A5 /* Button Fun.app */ = {isa = PBXFileReference; explicitFileType = wrapper.application; includeInIndex = 0; path = "Button Fun.app"; sourceTree = BUILT_PRODUCTS_DIR; };
		1347DF0916C13D160073A3A5 /* UIKit.framework */ = {isa = PBXFileReference; lastKnownFileType = wrapper.framework; name = UIKit.framework; path = System/Library/Frameworks/UIKit.framework; sourceTree = SDKROOT; };
		1347DF0B16C13D160073A3A5 /* Foundation.framework */ = {isa = PBXFileReference; lastKnownFileType = wrapper.framework; name = Foundation.framework; path = System/Library/Frameworks/Foundation.framework; sourceTree = SDKROOT; };
		1347DF0D16C13D160073A3A5 /* CoreGraphics.framework */ = {isa = PBXFileReference; lastKnownFileType = wrapper.framework; name = CoreGraphics.framework; path = System/Library/Frameworks/CoreGraphics.framework; sourceTree = SDKROOT; };
		1347DF1116C13D160073A3A5 /* Button Fun-Info.plist */ = {isa = PBXFileReference; lastKnownFileType = text.plist.xml; path = "Button Fun-Info.plist"; sourceTree = "<group>"; };
		1347DF1316C13D160073A3A5 /* en */ = {isa = PBXFileReference; lastKnownFileType = text.plist.strings; name = en; path = en.lproj/InfoPlist.strings; sourceTree = "<group>"; };
		1347DF1516C13D160073A3A5 /* main.m */ = {isa = PBXFileReference; lastKnownFileType = sourcecode.c.objc; path = main.m; sourceTree = "<group>"; };
		1347DF1716C13D160073A3A5 /* Button Fun-Prefix.pch */ = {isa = PBXFileReference; lastKnownFileType = sourcecode.c.h; path = "Button Fun-Prefix.pch"; sourceTree = "<group>"; };
		1347DF1816C13D160073A3A5 /* RIDAppDelegate.h */ = {isa = PBXFileReference; lastKnownFileType = sourcecode.c.h; path = RIDAppDelegate.h; sourceTree = "<group>"; };
		1347DF1916C13D160073A3A5 /* RIDAppDelegate.m */ = {isa = PBXFileReference; lastKnownFileType = sourcecode.c.objc; path = RIDAppDelegate.m; sourceTree = "<group>"; };
		1347DF1B16C13D170073A3A5 /* Default.png */ = {isa = PBXFileReference; lastKnownFileType = image.png; path = Default.png; sourceTree = "<group>"; };
		1347DF1D16C13D170073A3A5 /* Default@2x.png */ = {isa = PBXFileReference; lastKnownFileType = image.png; path = "Default@2x.png"; sourceTree = "<group>"; };
		1347DF1F16C13D170073A3A5 /* Default-568h@2x.png */ = {isa = PBXFileReference; lastKnownFileType = image.png; path = "Default-568h@2x.png"; sourceTree = "<group>"; };
		1347DF2116C13D170073A3A5 /* RIDViewController.h */ = {isa = PBXFileReference; lastKnownFileType = sourcecode.c.h; path = RIDViewController.h; sourceTree = "<group>"; };
		1347DF2216C13D170073A3A5 /* RIDViewController.m */ = {isa = PBXFileReference; lastKnownFileType = sourcecode.c.objc; path = RIDViewController.m; sourceTree = "<group>"; };
		1347DF2516C13D170073A3A5 /* en */ = {isa = PBXFileReference; lastKnownFileType = file.xib; name = en; path = en.lproj/RIDViewController.xib; sourceTree = "<group>"; };
/* End PBXFileReference section */

/* Begin PBXFrameworksBuildPhase section */
		1347DF0216C13D160073A3A5 /* Frameworks */ = {
			isa = PBXFrameworksBuildPhase;
			buildActionMask = 2147483647;
			files = (
				1347DF0A16C13D160073A3A5 /* UIKit.framework in Frameworks */,
				1347DF0C16C13D160073A3A5 /* Foundation.framework in Frameworks */,
				1347DF0E16C13D160073A3A5 /* CoreGraphics.framework in Frameworks */,
			);
			runOnlyForDeploymentPostprocessing = 0;
		};
/* End PBXFrameworksBuildPhase section */

/* Begin PBXGroup section */
		1347DEFA16C13D160073A3A5 = {
			isa = PBXGroup;
			children = (
				1347DF0F16C13D160073A3A5 /* Button Fun */,
				1347DF0816C13D160073A3A5 /* Frameworks */,
				1347DF0616C13D160073A3A5 /* Products */,
			);
			sourceTree = "<group>";
		};
		1347DF0616C13D160073A3A5 /* Products */ = {
			isa = PBXGroup;
			children = (
				1347DF0516C13D160073A3A5 /* Button Fun.app */,
			);
			name = Products;
			sourceTree = "<group>";
		};
		1347DF0816C13D160073A3A5 /* Frameworks */ = {
			isa = PBXGroup;
			children = (
				1347DF0916C13D160073A3A5 /* UIKit.framework */,
				1347DF0B16C13D160073A3A5 /* Foundation.framework */,
				1347DF0D16C13D160073A3A5 /* CoreGraphics.framework */,
			);
			name = Frameworks;
			sourceTree = "<group>";
		};
		1347DF0F16C13D160073A3A5 /* Button Fun */ = {
			isa = PBXGroup;
			children = (
				1347DF1816C13D160073A3A5 /* RIDAppDelegate.h */,
				1347DF1916C13D160073A3A5 /* RIDAppDelegate.m */,
				1347DF2116C13D170073A3A5 /* RIDViewController.h */,
				1347DF2216C13D170073A3A5 /* RIDViewController.m */,
				1347DF2416C13D170073A3A5 /* RIDViewController.xib */,
				1347DF1016C13D160073A3A5 /* Supporting Files */,
			);
			path = "Button Fun";
			sourceTree = "<group>";
		};
		1347DF1016C13D160073A3A5 /* Supporting Files */ = {
			isa = PBXGroup;
			children = (
				1347DF1116C13D160073A3A5 /* Button Fun-Info.plist */,
				1347DF1216C13D160073A3A5 /* InfoPlist.strings */,
				1347DF1516C13D160073A3A5 /* main.m */,
				1347DF1716C13D160073A3A5 /* Button Fun-Prefix.pch */,
				1347DF1B16C13D170073A3A5 /* Default.png */,
				1347DF1D16C13D170073A3A5 /* Default@2x.png */,
				1347DF1F16C13D170073A3A5 /* Default-568h@2x.png */,
			);
			name = "Supporting Files";
			sourceTree = "<group>";
		};
/* End PBXGroup section */

/* Begin PBXNativeTarget section */
		1347DF0416C13D160073A3A5 /* Button Fun */ = {
			isa = PBXNativeTarget;
			buildConfigurationList = 1347DF2916C13D170073A3A5 /* Build configuration list for PBXNativeTarget "Button Fun" */;
			buildPhases = (
				1347DF0116C13D160073A3A5 /* Sources */,
				1347DF0216C13D160073A3A5 /* Frameworks */,
				1347DF0316C13D160073A3A5 /* Resources */,
			);
			buildRules = (
			);
			dependencies = (
			);
			name = "Button Fun";
			productName = "Button Fun";
			productReference = 1347DF0516C13D160073A3A5 /* Button Fun.app */;
			productType = "com.apple.product-type.application";
		};
/* End PBXNativeTarget section */

/* Begin PBXProject section */
		1347DEFC16C13D160073A3A5 /* Project object */ = {
			isa = PBXProject;
			attributes = {
				CLASSPREFIX = RID;
				LastUpgradeCheck = 0450;
				ORGANIZATIONNAME = ZSS;
			};
			buildConfigurationList = 1347DEFF16C13D160073A3A5 /* Build configuration list for PBXProject "Button Fun" */;
			compatibilityVersion = "Xcode 3.2";
			developmentRegion = English;
			hasScannedForEncodings = 0;
			knownRegions = (
				en,
			);
			mainGroup = 1347DEFA16C13D160073A3A5;
			productRefGroup = 1347DF0616C13D160073A3A5 /* Products */;
			projectDirPath = "";
			projectRoot = "";
			targets = (
				1347DF0416C13D160073A3A5 /* Button Fun */,
			);
		};
/* End PBXProject section */

/* Begin PBXResourcesBuildPhase section */
		1347DF0316C13D160073A3A5 /* Resources */ = {
			isa = PBXResourcesBuildPhase;
			buildActionMask = 2147483647;
			files = (
				1347DF1416C13D160073A3A5 /* InfoPlist.strings in Resources */,
				1347DF1C16C13D170073A3A5 /* Default.png in Resources */,
				1347DF1E16C13D170073A3A5 /* Default@2x.png in Resources */,
				1347DF2016C13D170073A3A5 /* Default-568h@2x.png in Resources */,
				1347DF2616C13D170073A3A5 /* RIDViewController.xib in Resources */,
			);
			runOnlyForDeploymentPostprocessing = 0;
		};
/* End PBXResourcesBuildPhase section */

/* Begin PBXSourcesBuildPhase section */
		1347DF0116C13D160073A3A5 /* Sources */ = {
			isa = PBXSourcesBuildPhase;
			buildActionMask = 2147483647;
			files = (
				1347DF1616C13D160073A3A5 /* main.m in Sources */,
				1347DF1A16C13D160073A3A5 /* RIDAppDelegate.m in Sources */,
				1347DF2316C13D170073A3A5 /* RIDViewController.m in Sources */,
			);
			runOnlyForDeploymentPostprocessing = 0;
		};
/* End PBXSourcesBuildPhase section */

/* Begin PBXVariantGroup section */
		1347DF1216C13D160073A3A5 /* InfoPlist.strings */ = {
			isa = PBXVariantGroup;
			children = (
				1347DF1316C13D160073A3A5 /* en */,
			);
			name = InfoPlist.strings;
			sourceTree = "<group>";
		};
		1347DF2416C13D170073A3A5 /* RIDViewController.xib */ = {
			isa = PBXVariantGroup;
			children = (
				1347DF2516C13D170073A3A5 /* en */,
			);
			name = RIDViewController.xib;
			sourceTree = "<group>";
		};
/* End PBXVariantGroup section */

/* Begin XCBuildConfiguration section */
		1347DF2716C13D170073A3A5 /* Debug */ = {
			isa = XCBuildConfiguration;
			buildSettings = {
				ALWAYS_SEARCH_USER_PATHS = NO;
				CLANG_CXX_LANGUAGE_STANDARD = "gnu++0x";
				CLANG_CXX_LIBRARY = "libc++";
				CLANG_ENABLE_OBJC_ARC = YES;
				CLANG_WARN_EMPTY_BODY = YES;
				CLANG_WARN__DUPLICATE_METHOD_MATCH = YES;
				"CODE_SIGN_IDENTITY[sdk=iphoneos*]" = "iPhone Developer";
				COPY_PHASE_STRIP = NO;
				GCC_C_LANGUAGE_STANDARD = gnu99;
				GCC_DYNAMIC_NO_PIC = NO;
				GCC_OPTIMIZATION_LEVEL = 0;
				GCC_PREPROCESSOR_DEFINITIONS = (
					"DEBUG=1",
					"$(inherited)",
				);
				GCC_SYMBOLS_PRIVATE_EXTERN = NO;
				GCC_WARN_ABOUT_RETURN_TYPE = YES;
				GCC_WARN_UNINITIALIZED_AUTOS = YES;
				GCC_WARN_UNUSED_VARIABLE = YES;
				IPHONEOS_DEPLOYMENT_TARGET = 6.0;
				SDKROOT = iphoneos;
			};
			name = Debug;
		};
		1347DF2816C13D170073A3A5 /* Release */ = {
			isa = XCBuildConfiguration;
			buildSettings = {
				ALWAYS_SEARCH_USER_PATHS = NO;
				CLANG_CXX_LANGUAGE_STANDARD = "gnu++0x";
				CLANG_CXX_LIBRARY = "libc++";
				CLANG_ENABLE_OBJC_ARC = YES;
				CLANG_WARN_EMPTY_BODY = YES;
				CLANG_WARN__DUPLICATE_METHOD_MATCH = YES;
				"CODE_SIGN_IDENTITY[sdk=iphoneos*]" = "iPhone Developer";
				COPY_PHASE_STRIP = YES;
				GCC_C_LANGUAGE_STANDARD = gnu99;
				GCC_WARN_ABOUT_RETURN_TYPE = YES;
				GCC_WARN_UNINITIALIZED_AUTOS = YES;
				GCC_WARN_UNUSED_VARIABLE = YES;
				IPHONEOS_DEPLOYMENT_TARGET = 6.0;
				OTHER_CFLAGS = "-DNS_BLOCK_ASSERTIONS=1";
				SDKROOT = iphoneos;
				VALIDATE_PRODUCT = YES;
			};
			name = Release;
		};
		1347DF2A16C13D170073A3A5 /* Debug */ = {
			isa = XCBuildConfiguration;
			buildSettings = {
				GCC_PRECOMPILE_PREFIX_HEADER = YES;
				GCC_PREFIX_HEADER = "Button Fun/Button Fun-Prefix.pch";
				INFOPLIST_FILE = "Button Fun/Button Fun-Info.plist";
				PRODUCT_NAME = "$(TARGET_NAME)";
				WRAPPER_EXTENSION = app;
			};
			name = Debug;
		};
		1347DF2B16C13D170073A3A5 /* Release */ = {
			isa = XCBuildConfiguration;
			buildSettings = {
				GCC_PRECOMPILE_PREFIX_HEADER = YES;
				GCC_PREFIX_HEADER = "Button Fun/Button Fun-Prefix.pch";
				INFOPLIST_FILE = "Button Fun/Button Fun-Info.plist";
				PRODUCT_NAME = "$(TARGET_NAME)";
				WRAPPER_EXTENSION = app;
			};
			name = Release;
		};
/* End XCBuildConfiguration section */

/* Begin XCConfigurationList section */
		1347DEFF16C13D160073A3A5 /* Build configuration list for PBXProject "Button Fun" */ = {
			isa = XCConfigurationList;
			buildConfigurations = (
				1347DF2716C13D170073A3A5 /* Debug */,
				1347DF2816C13D170073A3A5 /* Release */,
			);
			defaultConfigurationIsVisible = 0;
			defaultConfigurationName = Release;
		};
		1347DF2916C13D170073A3A5 /* Build configuration list for PBXNativeTarget "Button Fun" */ = {
			isa = XCConfigurationList;
			buildConfigurations = (
				1347DF2A16C13D170073A3A5 /* Debug */,
				1347DF2B16C13D170073A3A5 /* Release */,
			);
			defaultConfigurationIsVisible = 0;
		};
/* End XCConfigurationList section */
	};
	rootObject = 1347DEFC16C13D160073A3A5 /* Project object */;
}
